
Microsoft Visual Studio Solution File, Format Version 12.00
# Visual Studio Version 17
VisualStudioVersion = 17.10.35122.118
MinimumVisualStudioVersion = 10.0.40219.1
Project("{2150E333-8FDC-42A3-9474-1A3956D46DE8}") = "ChainOfResponsibilityDP", "ChainOfResponsibilityDP", "{33D35ED0-963A-45B0-99A0-70AEB524B2FC}"
EndProject
Project("{9A19103F-16F7-4668-BE54-9A1E7A4F7556}") = "DesignePatternChainOfResponsibility", "ChainOfResponsibilityDP\DesignePatternChainOfResponsibility\DesignePatternChainOfResponsibility.csproj", "{AAB1D59B-F23E-4AE7-A4BD-D1D6C2383F35}"
EndProject
Project("{2150E333-8FDC-42A3-9474-1A3956D46DE8}") = "CQRSDesignePattern", "CQRSDesignePattern", "{6573F0C1-EBF8-4ACD-AF60-CD65CF02A8FD}"
EndProject
Project("{9A19103F-16F7-4668-BE54-9A1E7A4F7556}") = "CQRSDesignePattern", "CQRSDesignePattern\CQRSDesignePattern\CQRSDesignePattern.csproj", "{2D8F8195-9DA5-4995-B859-BB2AF1DE9C28}"
EndProject
Project("{2150E333-8FDC-42A3-9474-1A3956D46DE8}") = "TemplateMethodDesignePattern", "TemplateMethodDesignePattern", "{1D680A6A-F9FD-457C-8407-B9CE19B4DBBE}"
EndProject
Project("{9A19103F-16F7-4668-BE54-9A1E7A4F7556}") = "TemplateMethodDesignePattern", "TemplateMethodDesignePattern\TemplateMethodDesignePattern\TemplateMethodDesignePattern.csproj", "{9F0D94CD-E45A-4627-9B44-66BDA1644E7F}"
EndProject
Project("{2150E333-8FDC-42A3-9474-1A3956D46DE8}") = "ObserverDesignePattern", "ObserverDesignePattern", "{44DC99A9-C98A-4A9A-9D27-7DDFD7987BE0}"
EndProject
Project("{9A19103F-16F7-4668-BE54-9A1E7A4F7556}") = "ObserverDesignePattern", "ObserverDesignePattern\ObserverDesignePattern\ObserverDesignePattern.csproj", "{DF946EA6-6D42-4A8C-8E13-248E7ABD4818}"
EndProject
Project("{2150E333-8FDC-42A3-9474-1A3956D46DE8}") = "UnitOfWorkDesignePattern", "UnitOfWorkDesignePattern", "{C919D5EB-8D0D-4DE9-B513-A1B55E90EF7C}"
EndProject
Project("{9A19103F-16F7-4668-BE54-9A1E7A4F7556}") = "UnitOfWorkDesignePattern", "UnitOfWorkDesignePattern\UnitOfWorkDesignePattern\UnitOfWorkDesignePattern.csproj", "{54317803-D777-491B-8E05-74A39D389FD5}"
EndProject
Project("{9A19103F-16F7-4668-BE54-9A1E7A4F7556}") = "UnitOfWorkDP.EntityLayer", "UnitOfWorkDesignePattern\UnitOfWorkDP.EntityLayer\UnitOfWorkDP.EntityLayer.csproj", "{B481E135-1D02-4788-A984-9669F1AA1F73}"
EndProject
Project("{9A19103F-16F7-4668-BE54-9A1E7A4F7556}") = "UnitOfWorkDP.DataAccessLayer", "UnitOfWorkDesignePattern\UnitOfWorkDP.DataAccessLayer\UnitOfWorkDP.DataAccessLayer.csproj", "{92555B5A-E8FD-4ECD-81DD-F3DB9B17004E}"
EndProject
Project("{9A19103F-16F7-4668-BE54-9A1E7A4F7556}") = "UnitOfWorkDP.BusinessLayer", "UnitOfWorkDesignePattern\UnitOfWorkDP.BusinessLayer\UnitOfWorkDP.BusinessLayer.csproj", "{AFA2F1C9-832D-4A65-B712-F4EB82A39C52}"
EndProject
Project("{2150E333-8FDC-42A3-9474-1A3956D46DE8}") = "RepositoryDesignePattern", "RepositoryDesignePattern", "{9FFA81E1-2F38-4FB5-876F-C7AB482D2E2E}"
EndProject
Project("{9A19103F-16F7-4668-BE54-9A1E7A4F7556}") = "RepositoryDesignePattern", "RepositoryDesignePattern\RepositoryDesignePattern\RepositoryDesignePattern.csproj", "{D57CBE22-B892-4679-B806-F24FFC267831}"
EndProject
Project("{9A19103F-16F7-4668-BE54-9A1E7A4F7556}") = "RepositoryDP.EntityLayer", "RepositoryDesignePattern\RepositoryDP.EntityLayer\RepositoryDP.EntityLayer.csproj", "{AB55D790-E378-4708-B452-76B7D5558865}"
EndProject
Project("{9A19103F-16F7-4668-BE54-9A1E7A4F7556}") = "RepositoryDP.DataAccessLayer", "RepositoryDesignePattern\RepositoryDP.DataAccessLayer\RepositoryDP.DataAccessLayer.csproj", "{529E8F45-86A2-442B-9581-C8E9C54E28CF}"
EndProject
Project("{9A19103F-16F7-4668-BE54-9A1E7A4F7556}") = "RepositoryDP.BusinessLayer", "RepositoryDesignePattern\RepositoryDP.BusinessLayer\RepositoryDP.BusinessLayer.csproj", "{24C21BEC-F6D3-4061-ACC6-B6A4DB177160}"
EndProject
Project("{2150E333-8FDC-42A3-9474-1A3956D46DE8}") = "CompositeDesignePattern", "CompositeDesignePattern", "{E9FBDA0A-6A1C-46B9-9854-D1355735E76B}"
EndProject
Project("{9A19103F-16F7-4668-BE54-9A1E7A4F7556}") = "CompositeDesignePattern", "CompositeDesignePattern\CompositeDesignePattern\CompositeDesignePattern.csproj", "{460D6ACC-CBC1-430B-BFA8-04D42C7A4696}"
EndProject
Project("{2150E333-8FDC-42A3-9474-1A3956D46DE8}") = "MediatorDesignePattern", "MediatorDesignePattern", "{3D83C180-F64D-42C0-B648-BB9E7B0A3D57}"
EndProject
Project("{FAE04EC0-301F-11D3-BF4B-00C04F79EFBC}") = "MediatorDesignePattern", "MediatorDesignePattern\MediatorDesignePattern\MediatorDesignePattern.csproj", "{4B7D1A0A-251D-4ACD-A18E-0FB8535A311B}"
EndProject
Global
	GlobalSection(SolutionConfigurationPlatforms) = preSolution
		Debug|Any CPU = Debug|Any CPU
		Release|Any CPU = Release|Any CPU
	EndGlobalSection
	GlobalSection(ProjectConfigurationPlatforms) = postSolution
		{AAB1D59B-F23E-4AE7-A4BD-D1D6C2383F35}.Debug|Any CPU.ActiveCfg = Debug|Any CPU
		{AAB1D59B-F23E-4AE7-A4BD-D1D6C2383F35}.Debug|Any CPU.Build.0 = Debug|Any CPU
		{AAB1D59B-F23E-4AE7-A4BD-D1D6C2383F35}.Release|Any CPU.ActiveCfg = Release|Any CPU
		{AAB1D59B-F23E-4AE7-A4BD-D1D6C2383F35}.Release|Any CPU.Build.0 = Release|Any CPU
		{2D8F8195-9DA5-4995-B859-BB2AF1DE9C28}.Debug|Any CPU.ActiveCfg = Debug|Any CPU
		{2D8F8195-9DA5-4995-B859-BB2AF1DE9C28}.Debug|Any CPU.Build.0 = Debug|Any CPU
		{2D8F8195-9DA5-4995-B859-BB2AF1DE9C28}.Release|Any CPU.ActiveCfg = Release|Any CPU
		{2D8F8195-9DA5-4995-B859-BB2AF1DE9C28}.Release|Any CPU.Build.0 = Release|Any CPU
		{9F0D94CD-E45A-4627-9B44-66BDA1644E7F}.Debug|Any CPU.ActiveCfg = Debug|Any CPU
		{9F0D94CD-E45A-4627-9B44-66BDA1644E7F}.Debug|Any CPU.Build.0 = Debug|Any CPU
		{9F0D94CD-E45A-4627-9B44-66BDA1644E7F}.Release|Any CPU.ActiveCfg = Release|Any CPU
		{9F0D94CD-E45A-4627-9B44-66BDA1644E7F}.Release|Any CPU.Build.0 = Release|Any CPU
		{DF946EA6-6D42-4A8C-8E13-248E7ABD4818}.Debug|Any CPU.ActiveCfg = Debug|Any CPU
		{DF946EA6-6D42-4A8C-8E13-248E7ABD4818}.Debug|Any CPU.Build.0 = Debug|Any CPU
		{DF946EA6-6D42-4A8C-8E13-248E7ABD4818}.Release|Any CPU.ActiveCfg = Release|Any CPU
		{DF946EA6-6D42-4A8C-8E13-248E7ABD4818}.Release|Any CPU.Build.0 = Release|Any CPU
		{54317803-D777-491B-8E05-74A39D389FD5}.Debug|Any CPU.ActiveCfg = Debug|Any CPU
		{54317803-D777-491B-8E05-74A39D389FD5}.Debug|Any CPU.Build.0 = Debug|Any CPU
		{54317803-D777-491B-8E05-74A39D389FD5}.Release|Any CPU.ActiveCfg = Release|Any CPU
		{54317803-D777-491B-8E05-74A39D389FD5}.Release|Any CPU.Build.0 = Release|Any CPU
		{B481E135-1D02-4788-A984-9669F1AA1F73}.Debug|Any CPU.ActiveCfg = Debug|Any CPU
		{B481E135-1D02-4788-A984-9669F1AA1F73}.Debug|Any CPU.Build.0 = Debug|Any CPU
		{B481E135-1D02-4788-A984-9669F1AA1F73}.Release|Any CPU.ActiveCfg = Release|Any CPU
		{B481E135-1D02-4788-A984-9669F1AA1F73}.Release|Any CPU.Build.0 = Release|Any CPU
		{92555B5A-E8FD-4ECD-81DD-F3DB9B17004E}.Debug|Any CPU.ActiveCfg = Debug|Any CPU
		{92555B5A-E8FD-4ECD-81DD-F3DB9B17004E}.Debug|Any CPU.Build.0 = Debug|Any CPU
		{92555B5A-E8FD-4ECD-81DD-F3DB9B17004E}.Release|Any CPU.ActiveCfg = Release|Any CPU
		{92555B5A-E8FD-4ECD-81DD-F3DB9B17004E}.Release|Any CPU.Build.0 = Release|Any CPU
		{AFA2F1C9-832D-4A65-B712-F4EB82A39C52}.Debug|Any CPU.ActiveCfg = Debug|Any CPU
		{AFA2F1C9-832D-4A65-B712-F4EB82A39C52}.Debug|Any CPU.Build.0 = Debug|Any CPU
		{AFA2F1C9-832D-4A65-B712-F4EB82A39C52}.Release|Any CPU.ActiveCfg = Release|Any CPU
		{AFA2F1C9-832D-4A65-B712-F4EB82A39C52}.Release|Any CPU.Build.0 = Release|Any CPU
		{D57CBE22-B892-4679-B806-F24FFC267831}.Debug|Any CPU.ActiveCfg = Debug|Any CPU
		{D57CBE22-B892-4679-B806-F24FFC267831}.Debug|Any CPU.Build.0 = Debug|Any CPU
		{D57CBE22-B892-4679-B806-F24FFC267831}.Release|Any CPU.ActiveCfg = Release|Any CPU
		{D57CBE22-B892-4679-B806-F24FFC267831}.Release|Any CPU.Build.0 = Release|Any CPU
		{AB55D790-E378-4708-B452-76B7D5558865}.Debug|Any CPU.ActiveCfg = Debug|Any CPU
		{AB55D790-E378-4708-B452-76B7D5558865}.Debug|Any CPU.Build.0 = Debug|Any CPU
		{AB55D790-E378-4708-B452-76B7D5558865}.Release|Any CPU.ActiveCfg = Release|Any CPU
		{AB55D790-E378-4708-B452-76B7D5558865}.Release|Any CPU.Build.0 = Release|Any CPU
		{529E8F45-86A2-442B-9581-C8E9C54E28CF}.Debug|Any CPU.ActiveCfg = Debug|Any CPU
		{529E8F45-86A2-442B-9581-C8E9C54E28CF}.Debug|Any CPU.Build.0 = Debug|Any CPU
		{529E8F45-86A2-442B-9581-C8E9C54E28CF}.Release|Any CPU.ActiveCfg = Release|Any CPU
		{529E8F45-86A2-442B-9581-C8E9C54E28CF}.Release|Any CPU.Build.0 = Release|Any CPU
		{24C21BEC-F6D3-4061-ACC6-B6A4DB177160}.Debug|Any CPU.ActiveCfg = Debug|Any CPU
		{24C21BEC-F6D3-4061-ACC6-B6A4DB177160}.Debug|Any CPU.Build.0 = Debug|Any CPU
		{24C21BEC-F6D3-4061-ACC6-B6A4DB177160}.Release|Any CPU.ActiveCfg = Release|Any CPU
		{24C21BEC-F6D3-4061-ACC6-B6A4DB177160}.Release|Any CPU.Build.0 = Release|Any CPU
		{460D6ACC-CBC1-430B-BFA8-04D42C7A4696}.Debug|Any CPU.ActiveCfg = Debug|Any CPU
		{460D6ACC-CBC1-430B-BFA8-04D42C7A4696}.Debug|Any CPU.Build.0 = Debug|Any CPU
		{460D6ACC-CBC1-430B-BFA8-04D42C7A4696}.Release|Any CPU.ActiveCfg = Release|Any CPU
		{460D6ACC-CBC1-430B-BFA8-04D42C7A4696}.Release|Any CPU.Build.0 = Release|Any CPU
		{4B7D1A0A-251D-4ACD-A18E-0FB8535A311B}.Debug|Any CPU.ActiveCfg = Debug|Any CPU
		{4B7D1A0A-251D-4ACD-A18E-0FB8535A311B}.Debug|Any CPU.Build.0 = Debug|Any CPU
		{4B7D1A0A-251D-4ACD-A18E-0FB8535A311B}.Release|Any CPU.ActiveCfg = Release|Any CPU
		{4B7D1A0A-251D-4ACD-A18E-0FB8535A311B}.Release|Any CPU.Build.0 = Release|Any CPU
	EndGlobalSection
	GlobalSection(SolutionProperties) = preSolution
		HideSolutionNode = FALSE
	EndGlobalSection
	GlobalSection(NestedProjects) = preSolution
		{AAB1D59B-F23E-4AE7-A4BD-D1D6C2383F35} = {33D35ED0-963A-45B0-99A0-70AEB524B2FC}
		{2D8F8195-9DA5-4995-B859-BB2AF1DE9C28} = {6573F0C1-EBF8-4ACD-AF60-CD65CF02A8FD}
		{9F0D94CD-E45A-4627-9B44-66BDA1644E7F} = {1D680A6A-F9FD-457C-8407-B9CE19B4DBBE}
		{DF946EA6-6D42-4A8C-8E13-248E7ABD4818} = {44DC99A9-C98A-4A9A-9D27-7DDFD7987BE0}
		{54317803-D777-491B-8E05-74A39D389FD5} = {C919D5EB-8D0D-4DE9-B513-A1B55E90EF7C}
		{B481E135-1D02-4788-A984-9669F1AA1F73} = {C919D5EB-8D0D-4DE9-B513-A1B55E90EF7C}
		{92555B5A-E8FD-4ECD-81DD-F3DB9B17004E} = {C919D5EB-8D0D-4DE9-B513-A1B55E90EF7C}
		{AFA2F1C9-832D-4A65-B712-F4EB82A39C52} = {C919D5EB-8D0D-4DE9-B513-A1B55E90EF7C}
		{D57CBE22-B892-4679-B806-F24FFC267831} = {9FFA81E1-2F38-4FB5-876F-C7AB482D2E2E}
		{AB55D790-E378-4708-B452-76B7D5558865} = {9FFA81E1-2F38-4FB5-876F-C7AB482D2E2E}
		{529E8F45-86A2-442B-9581-C8E9C54E28CF} = {9FFA81E1-2F38-4FB5-876F-C7AB482D2E2E}
		{24C21BEC-F6D3-4061-ACC6-B6A4DB177160} = {9FFA81E1-2F38-4FB5-876F-C7AB482D2E2E}
		{460D6ACC-CBC1-430B-BFA8-04D42C7A4696} = {E9FBDA0A-6A1C-46B9-9854-D1355735E76B}
		{4B7D1A0A-251D-4ACD-A18E-0FB8535A311B} = {3D83C180-F64D-42C0-B648-BB9E7B0A3D57}
	EndGlobalSection
	GlobalSection(ExtensibilityGlobals) = postSolution
		SolutionGuid = {E44F6389-86D5-4240-95C3-F63B5DA196D4}
	EndGlobalSection
EndGlobal
